// !$*UTF8*$!
{
	archiveVersion = 1;
	classes = {
	};
	objectVersion = 50;
	objects = {

/* Begin PBXBuildFile section */
		542458EF2271735A009FA0C6 /* Card.swift in Sources */ = {isa = PBXBuildFile; fileRef = 542458EE2271735A009FA0C6 /* Card.swift */; };
		542458F1227176E8009FA0C6 /* Set.swift in Sources */ = {isa = PBXBuildFile; fileRef = 542458F0227176E8009FA0C6 /* Set.swift */; };
		543F736722BC7C5A0048DDC0 /* SetOpenViewController.swift in Sources */ = {isa = PBXBuildFile; fileRef = 543F736622BC7C5A0048DDC0 /* SetOpenViewController.swift */; };
		543F736922BDBFF50048DDC0 /* CardView.swift in Sources */ = {isa = PBXBuildFile; fileRef = 543F736822BDBFF50048DDC0 /* CardView.swift */; };
		5492AEF422C0294E0068484D /* FigureOnCard.swift in Sources */ = {isa = PBXBuildFile; fileRef = 5492AEF322C0294E0068484D /* FigureOnCard.swift */; };
		5492AEF622C180400068484D /* DeckView.swift in Sources */ = {isa = PBXBuildFile; fileRef = 5492AEF522C180400068484D /* DeckView.swift */; };
		5492AEF822C182030068484D /* Grid.swift in Sources */ = {isa = PBXBuildFile; fileRef = 5492AEF722C182020068484D /* Grid.swift */; };
		54A85DD622713D980067043C /* AppDelegate.swift in Sources */ = {isa = PBXBuildFile; fileRef = 54A85DD522713D980067043C /* AppDelegate.swift */; };
		54A85DD822713D980067043C /* SetViewController.swift in Sources */ = {isa = PBXBuildFile; fileRef = 54A85DD722713D980067043C /* SetViewController.swift */; };
		54A85DDB22713D980067043C /* Main.storyboard in Resources */ = {isa = PBXBuildFile; fileRef = 54A85DD922713D980067043C /* Main.storyboard */; };
		54A85DDD22713D9A0067043C /* Assets.xcassets in Resources */ = {isa = PBXBuildFile; fileRef = 54A85DDC22713D9A0067043C /* Assets.xcassets */; };
		54A85DE022713D9A0067043C /* LaunchScreen.storyboard in Resources */ = {isa = PBXBuildFile; fileRef = 54A85DDE22713D9A0067043C /* LaunchScreen.storyboard */; };
/* End PBXBuildFile section */

/* Begin PBXFileReference section */
		542458EE2271735A009FA0C6 /* Card.swift */ = {isa = PBXFileReference; lastKnownFileType = sourcecode.swift; path = Card.swift; sourceTree = "<group>"; };
		542458F0227176E8009FA0C6 /* Set.swift */ = {isa = PBXFileReference; lastKnownFileType = sourcecode.swift; path = Set.swift; sourceTree = "<group>"; };
		543F736622BC7C5A0048DDC0 /* SetOpenViewController.swift */ = {isa = PBXFileReference; lastKnownFileType = sourcecode.swift; path = SetOpenViewController.swift; sourceTree = "<group>"; };
		543F736822BDBFF50048DDC0 /* CardView.swift */ = {isa = PBXFileReference; lastKnownFileType = sourcecode.swift; path = CardView.swift; sourceTree = "<group>"; };
		5492AEF322C0294E0068484D /* FigureOnCard.swift */ = {isa = PBXFileReference; lastKnownFileType = sourcecode.swift; path = FigureOnCard.swift; sourceTree = "<group>"; };
		5492AEF522C180400068484D /* DeckView.swift */ = {isa = PBXFileReference; lastKnownFileType = sourcecode.swift; path = DeckView.swift; sourceTree = "<group>"; };
		5492AEF722C182020068484D /* Grid.swift */ = {isa = PBXFileReference; fileEncoding = 4; lastKnownFileType = sourcecode.swift; path = Grid.swift; sourceTree = "<group>"; };
		54A85DD222713D980067043C /* Set.app */ = {isa = PBXFileReference; explicitFileType = wrapper.application; includeInIndex = 0; path = Set.app; sourceTree = BUILT_PRODUCTS_DIR; };
		54A85DD522713D980067043C /* AppDelegate.swift */ = {isa = PBXFileReference; lastKnownFileType = sourcecode.swift; path = AppDelegate.swift; sourceTree = "<group>"; };
		54A85DD722713D980067043C /* SetViewController.swift */ = {isa = PBXFileReference; lastKnownFileType = sourcecode.swift; path = SetViewController.swift; sourceTree = "<group>"; };
		54A85DDA22713D980067043C /* Base */ = {isa = PBXFileReference; lastKnownFileType = file.storyboard; name = Base; path = Base.lproj/Main.storyboard; sourceTree = "<group>"; };
		54A85DDC22713D9A0067043C /* Assets.xcassets */ = {isa = PBXFileReference; lastKnownFileType = folder.assetcatalog; path = Assets.xcassets; sourceTree = "<group>"; };
		54A85DDF22713D9A0067043C /* Base */ = {isa = PBXFileReference; lastKnownFileType = file.storyboard; name = Base; path = Base.lproj/LaunchScreen.storyboard; sourceTree = "<group>"; };
		54A85DE122713D9A0067043C /* Info.plist */ = {isa = PBXFileReference; lastKnownFileType = text.plist.xml; path = Info.plist; sourceTree = "<group>"; };
/* End PBXFileReference section */

/* Begin PBXFrameworksBuildPhase section */
		54A85DCF22713D980067043C /* Frameworks */ = {
			isa = PBXFrameworksBuildPhase;
			buildActionMask = 2147483647;
			files = (
			);
			runOnlyForDeploymentPostprocessing = 0;
		};
/* End PBXFrameworksBuildPhase section */

/* Begin PBXGroup section */
		54A85DC922713D980067043C = {
			isa = PBXGroup;
			children = (
				54A85DD422713D980067043C /* Set */,
				54A85DD322713D980067043C /* Products */,
			);
			sourceTree = "<group>";
		};
		54A85DD322713D980067043C /* Products */ = {
			isa = PBXGroup;
			children = (
				54A85DD222713D980067043C /* Set.app */,
			);
			name = Products;
			sourceTree = "<group>";
		};
		54A85DD422713D980067043C /* Set */ = {
			isa = PBXGroup;
			children = (
				54A85DD722713D980067043C /* SetViewController.swift */,
				5492AEF522C180400068484D /* DeckView.swift */,
				5492AEF322C0294E0068484D /* FigureOnCard.swift */,
				543F736822BDBFF50048DDC0 /* CardView.swift */,
				5492AEF722C182020068484D /* Grid.swift */,
				542458F0227176E8009FA0C6 /* Set.swift */,
				542458EE2271735A009FA0C6 /* Card.swift */,
				543F736622BC7C5A0048DDC0 /* SetOpenViewController.swift */,
				54A85DD922713D980067043C /* Main.storyboard */,
				54A85DE7227163AA0067043C /* Supporting Files */,
				54A85DE122713D9A0067043C /* Info.plist */,
			);
			path = Set;
			sourceTree = "<group>";
		};
		54A85DE7227163AA0067043C /* Supporting Files */ = {
			isa = PBXGroup;
			children = (
				54A85DD522713D980067043C /* AppDelegate.swift */,
				54A85DDC22713D9A0067043C /* Assets.xcassets */,
				54A85DDE22713D9A0067043C /* LaunchScreen.storyboard */,
			);
			path = "Supporting Files";
			sourceTree = "<group>";
		};
/* End PBXGroup section */

/* Begin PBXNativeTarget section */
		54A85DD122713D980067043C /* Set */ = {
			isa = PBXNativeTarget;
			buildConfigurationList = 54A85DE422713D9A0067043C /* Build configuration list for PBXNativeTarget "Set" */;
			buildPhases = (
				54A85DCE22713D980067043C /* Sources */,
				54A85DCF22713D980067043C /* Frameworks */,
				54A85DD022713D980067043C /* Resources */,
			);
			buildRules = (
			);
			dependencies = (
			);
			name = Set;
			productName = Set;
			productReference = 54A85DD222713D980067043C /* Set.app */;
			productType = "com.apple.product-type.application";
		};
/* End PBXNativeTarget section */

/* Begin PBXProject section */
		54A85DCA22713D980067043C /* Project object */ = {
			isa = PBXProject;
			attributes = {
				LastSwiftUpdateCheck = 1010;
				LastUpgradeCheck = 1010;
				ORGANIZATIONNAME = "Nhan Cao";
				TargetAttributes = {
					54A85DD122713D980067043C = {
						CreatedOnToolsVersion = 10.1;
						LastSwiftMigration = 1020;
					};
				};
			};
			buildConfigurationList = 54A85DCD22713D980067043C /* Build configuration list for PBXProject "Set" */;
			compatibilityVersion = "Xcode 9.3";
			developmentRegion = en;
			hasScannedForEncodings = 0;
			knownRegions = (
				en,
				Base,
			);
			mainGroup = 54A85DC922713D980067043C;
			productRefGroup = 54A85DD322713D980067043C /* Products */;
			projectDirPath = "";
			projectRoot = "";
			targets = (
				54A85DD122713D980067043C /* Set */,
			);
		};
/* End PBXProject section */

/* Begin PBXResourcesBuildPhase section */
		54A85DD022713D980067043C /* Resources */ = {
			isa = PBXResourcesBuildPhase;
			buildActionMask = 2147483647;
			files = (
				54A85DE022713D9A0067043C /* LaunchScreen.storyboard in Resources */,
				54A85DDD22713D9A0067043C /* Assets.xcassets in Resources */,
				54A85DDB22713D980067043C /* Main.storyboard in Resources */,
			);
			runOnlyForDeploymentPostprocessing = 0;
		};
/* End PBXResourcesBuildPhase section */

/* Begin PBXSourcesBuildPhase section */
		54A85DCE22713D980067043C /* Sources */ = {
			isa = PBXSourcesBuildPhase;
			buildActionMask = 2147483647;
			files = (
				542458F1227176E8009FA0C6 /* Set.swift in Sources */,
				54A85DD822713D980067043C /* SetViewController.swift in Sources */,
				5492AEF422C0294E0068484D /* FigureOnCard.swift in Sources */,
				5492AEF622C180400068484D /* DeckView.swift in Sources */,
				542458EF2271735A009FA0C6 /* Card.swift in Sources */,
				54A85DD622713D980067043C /* AppDelegate.swift in Sources */,
				543F736922BDBFF50048DDC0 /* CardView.swift in Sources */,
				543F736722BC7C5A0048DDC0 /* SetOpenViewController.swift in Sources */,
				5492AEF822C182030068484D /* Grid.swift in Sources */,
			);
			runOnlyForDeploymentPostprocessing = 0;
		};
/* End PBXSourcesBuildPhase section */

/* Begin PBXVariantGroup section */
		54A85DD922713D980067043C /* Main.storyboard */ = {
			isa = PBXVariantGroup;
			children = (
				54A85DDA22713D980067043C /* Base */,
			);
			name = Main.storyboard;
			sourceTree = "<group>";
		};
		54A85DDE22713D9A0067043C /* LaunchScreen.storyboard */ = {
			isa = PBXVariantGroup;
			children = (
				54A85DDF22713D9A0067043C /* Base */,
			);
			name = LaunchScreen.storyboard;
			sourceTree = "<group>";
		};
/* End PBXVariantGroup section */

/* Begin XCBuildConfiguration section */
		54A85DE222713D9A0067043C /* Debug */ = {
			isa = XCBuildConfiguration;
			buildSettings = {
				ALWAYS_SEARCH_USER_PATHS = NO;
				CLANG_ANALYZER_NONNULL = YES;
				CLANG_ANALYZER_NUMBER_OBJECT_CONVERSION = YES_AGGRESSIVE;
				CLANG_CXX_LANGUAGE_STANDARD = "gnu++14";
				CLANG_CXX_LIBRARY = "libc++";
				CLANG_ENABLE_MODULES = YES;
				CLANG_ENABLE_OBJC_ARC = YES;
				CLANG_ENABLE_OBJC_WEAK = YES;
				CLANG_WARN_BLOCK_CAPTURE_AUTORELEASING = YES;
				CLANG_WARN_BOOL_CONVERSION = YES;
				CLANG_WARN_COMMA = YES;
				CLANG_WARN_CONSTANT_CONVERSION = YES;
				CLANG_WARN_DEPRECATED_OBJC_IMPLEMENTATIONS = YES;
				CLANG_WARN_DIRECT_OBJC_ISA_USAGE = YES_ERROR;
				CLANG_WARN_DOCUMENTATION_COMMENTS = YES;
				CLANG_WARN_EMPTY_BODY = YES;
				CLANG_WARN_ENUM_CONVERSION = YES;
				CLANG_WARN_INFINITE_RECURSION = YES;
				CLANG_WARN_INT_CONVERSION = YES;
				CLANG_WARN_NON_LITERAL_NULL_CONVERSION = YES;
				CLANG_WARN_OBJC_IMPLICIT_RETAIN_SELF = YES;
				CLANG_WARN_OBJC_LITERAL_CONVERSION = YES;
				CLANG_WARN_OBJC_ROOT_CLASS = YES_ERROR;
				CLANG_WARN_RANGE_LOOP_ANALYSIS = YES;
				CLANG_WARN_STRICT_PROTOTYPES = YES;
				CLANG_WARN_SUSPICIOUS_MOVE = YES;
				CLANG_WARN_UNGUARDED_AVAILABILITY = YES_AGGRESSIVE;
				CLANG_WARN_UNREACHABLE_CODE = YES;
				CLANG_WARN__DUPLICATE_METHOD_MATCH = YES;
				CODE_SIGN_IDENTITY = "iPhone Developer";
				COPY_PHASE_STRIP = NO;
				DEBUG_INFORMATION_FORMAT = dwarf;
				ENABLE_STRICT_OBJC_MSGSEND = YES;
				ENABLE_TESTABILITY = YES;
				GCC_C_LANGUAGE_STANDARD = gnu11;
				GCC_DYNAMIC_NO_PIC = NO;
				GCC_NO_COMMON_BLOCKS = YES;
				GCC_OPTIMIZATION_LEVEL = 0;
				GCC_PREPROCESSOR_DEFINITIONS = (
					"DEBUG=1",
					"$(inherited)",
				);
				GCC_WARN_64_TO_32_BIT_CONVERSION = YES;
				GCC_WARN_ABOUT_RETURN_TYPE = YES_ERROR;
				GCC_WARN_UNDECLARED_SELECTOR = YES;
				GCC_WARN_UNINITIALIZED_AUTOS = YES_AGGRESSIVE;
				GCC_WARN_UNUSED_FUNCTION = YES;
				GCC_WARN_UNUSED_VARIABLE = YES;
				IPHONEOS_DEPLOYMENT_TARGET = 12.1;
				MTL_ENABLE_DEBUG_INFO = INCLUDE_SOURCE;
				MTL_FAST_MATH = YES;
				ONLY_ACTIVE_ARCH = YES;
				SDKROOT = iphoneos;
				SWIFT_ACTIVE_COMPILATION_CONDITIONS = DEBUG;
				SWIFT_OPTIMIZATION_LEVEL = "-Onone";
			};
			name = Debug;
		};
		54A85DE322713D9A0067043C /* Release */ = {
			isa = XCBuildConfiguration;
			buildSettings = {
				ALWAYS_SEARCH_USER_PATHS = NO;
				CLANG_ANALYZER_NONNULL = YES;
				CLANG_ANALYZER_NUMBER_OBJECT_CONVERSION = YES_AGGRESSIVE;
				CLANG_CXX_LANGUAGE_STANDARD = "gnu++14";
				CLANG_CXX_LIBRARY = "libc++";
				CLANG_ENABLE_MODULES = YES;
				CLANG_ENABLE_OBJC_ARC = YES;
				CLANG_ENABLE_OBJC_WEAK = YES;
				CLANG_WARN_BLOCK_CAPTURE_AUTORELEASING = YES;
				CLANG_WARN_BOOL_CONVERSION = YES;
				CLANG_WARN_COMMA = YES;
				CLANG_WARN_CONSTANT_CONVERSION = YES;
				CLANG_WARN_DEPRECATED_OBJC_IMPLEMENTATIONS = YES;
				CLANG_WARN_DIRECT_OBJC_ISA_USAGE = YES_ERROR;
				CLANG_WARN_DOCUMENTATION_COMMENTS = YES;
				CLANG_WARN_EMPTY_BODY = YES;
				CLANG_WARN_ENUM_CONVERSION = YES;
				CLANG_WARN_INFINITE_RECURSION = YES;
				CLANG_WARN_INT_CONVERSION = YES;
				CLANG_WARN_NON_LITERAL_NULL_CONVERSION = YES;
				CLANG_WARN_OBJC_IMPLICIT_RETAIN_SELF = YES;
				CLANG_WARN_OBJC_LITERAL_CONVERSION = YES;
				CLANG_WARN_OBJC_ROOT_CLASS = YES_ERROR;
				CLANG_WARN_RANGE_LOOP_ANALYSIS = YES;
				CLANG_WARN_STRICT_PROTOTYPES = YES;
				CLANG_WARN_SUSPICIOUS_MOVE = YES;
				CLANG_WARN_UNGUARDED_AVAILABILITY = YES_AGGRESSIVE;
				CLANG_WARN_UNREACHABLE_CODE = YES;
				CLANG_WARN__DUPLICATE_METHOD_MATCH = YES;
				CODE_SIGN_IDENTITY = "iPhone Developer";
				COPY_PHASE_STRIP = NO;
				DEBUG_INFORMATION_FORMAT = "dwarf-with-dsym";
				ENABLE_NS_ASSERTIONS = NO;
				ENABLE_STRICT_OBJC_MSGSEND = YES;
				GCC_C_LANGUAGE_STANDARD = gnu11;
				GCC_NO_COMMON_BLOCKS = YES;
				GCC_WARN_64_TO_32_BIT_CONVERSION = YES;
				GCC_WARN_ABOUT_RETURN_TYPE = YES_ERROR;
				GCC_WARN_UNDECLARED_SELECTOR = YES;
				GCC_WARN_UNINITIALIZED_AUTOS = YES_AGGRESSIVE;
				GCC_WARN_UNUSED_FUNCTION = YES;
				GCC_WARN_UNUSED_VARIABLE = YES;
				IPHONEOS_DEPLOYMENT_TARGET = 12.1;
				MTL_ENABLE_DEBUG_INFO = NO;
				MTL_FAST_MATH = YES;
				SDKROOT = iphoneos;
				SWIFT_COMPILATION_MODE = wholemodule;
				SWIFT_OPTIMIZATION_LEVEL = "-O";
				VALIDATE_PRODUCT = YES;
			};
			name = Release;
		};
		54A85DE522713D9A0067043C /* Debug */ = {
			isa = XCBuildConfiguration;
			buildSettings = {
				ASSETCATALOG_COMPILER_APPICON_NAME = AppIcon;
				CODE_SIGN_STYLE = Automatic;
				DEVELOPMENT_TEAM = 63XYY63393;
				INFOPLIST_FILE = Set/Info.plist;
				LD_RUNPATH_SEARCH_PATHS = (
					"$(inherited)",
					"@executable_path/Frameworks",
				);
				PRODUCT_BUNDLE_IDENTIFIER = duynhan39.intro.Set;
				PRODUCT_NAME = "$(TARGET_NAME)";
				SWIFT_VERSION = 5.0;
				TARGETED_DEVICE_FAMILY = "1,2";
			};
			name = Debug;
		};
		54A85DE622713D9A0067043C /* Release */ = {
			isa = XCBuildConfiguration;
			buildSettings = {
				ASSETCATALOG_COMPILER_APPICON_NAME = AppIcon;
				CODE_SIGN_STYLE = Automatic;
				DEVELOPMENT_TEAM = 63XYY63393;
				INFOPLIST_FILE = Set/Info.plist;
				LD_RUNPATH_SEARCH_PATHS = (
					"$(inherited)",
					"@executable_path/Frameworks",
				);
				PRODUCT_BUNDLE_IDENTIFIER = duynhan39.intro.Set;
				PRODUCT_NAME = "$(TARGET_NAME)";
				SWIFT_VERSION = 5.0;
				TARGETED_DEVICE_FAMILY = "1,2";
			};
			name = Release;
		};
/* End XCBuildConfiguration section */

/* Begin XCConfigurationList section */
		54A85DCD22713D980067043C /* Build configuration list for PBXProject "Set" */ = {
			isa = XCConfigurationList;
			buildConfigurations = (
				54A85DE222713D9A0067043C /* Debug */,
				54A85DE322713D9A0067043C /* Release */,
			);
			defaultConfigurationIsVisible = 0;
			defaultConfigurationName = Release;
		};
		54A85DE422713D9A0067043C /* Build configuration list for PBXNativeTarget "Set" */ = {
			isa = XCConfigurationList;
			buildConfigurations = (
				54A85DE522713D9A0067043C /* Debug */,
				54A85DE622713D9A0067043C /* Release */,
			);
			defaultConfigurationIsVisible = 0;
			defaultConfigurationName = Release;
		};
/* End XCConfigurationList section */
	};
	rootObject = 54A85DCA22713D980067043C /* Project object */;
}
